
Microsoft Visual Studio Solution File, Format Version 12.00
# Visual Studio Version 16
VisualStudioVersion = 16.0.31112.23
MinimumVisualStudioVersion = 10.0.40219.1
Project("{FAE04EC0-301F-11D3-BF4B-00C04F79EFBC}") = "EDS_API", "EDS_API.csproj", "{9EA4975B-0034-4571-9A67-858F7658F674}"
EndProject
Global
	GlobalSection(SolutionConfigurationPlatforms) = preSolution
		Debug|Any CPU = Debug|Any CPU
		Release|Any CPU = Release|Any CPU
	EndGlobalSection
	GlobalSection(ProjectConfigurationPlatforms) = postSolution
		{9EA4975B-0034-4571-9A67-858F7658F674}.Debug|Any CPU.ActiveCfg = Debug|Any CPU
		{9EA4975B-0034-4571-9A67-858F7658F674}.Debug|Any CPU.Build.0 = Debug|Any CPU
		{9EA4975B-0034-4571-9A67-858F7658F674}.Release|Any CPU.ActiveCfg = Release|Any CPU
		{9EA4975B-0034-4571-9A67-858F7658F674}.Release|Any CPU.Build.0 = Release|Any CPU
	EndGlobalSection
	GlobalSection(SolutionProperties) = preSolution
		HideSolutionNode = FALSE
	EndGlobalSection
	GlobalSection(ExtensibilityGlobals) = postSolution
		SolutionGuid = {145C5D07-2B8B-4F42-804D-24B22F26DBE1}
	EndGlobalSection
EndGlobal
